
Microsoft Visual Studio Solution File, Format Version 12.00
# Visual Studio Version 16
VisualStudioVersion = 16.0.32413.511
MinimumVisualStudioVersion = 10.0.40219.1
Project("{FAE04EC0-301F-11D3-BF4B-00C04F79EFBC}") = "AppHumanResourcesDepartment", "AppHumanResourcesDepartment\AppHumanResourcesDepartment.csproj", "{F6011014-3389-499A-B957-44CD161F190B}"
EndProject
Global
	GlobalSection(SolutionConfigurationPlatforms) = preSolution
		Debug|Any CPU = Debug|Any CPU
		Release|Any CPU = Release|Any CPU
	EndGlobalSection
	GlobalSection(ProjectConfigurationPlatforms) = postSolution
		{F6011014-3389-499A-B957-44CD161F190B}.Debug|Any CPU.ActiveCfg = Debug|Any CPU
		{F6011014-3389-499A-B957-44CD161F190B}.Debug|Any CPU.Build.0 = Debug|Any CPU
		{F6011014-3389-499A-B957-44CD161F190B}.Release|Any CPU.ActiveCfg = Release|Any CPU
		{F6011014-3389-499A-B957-44CD161F190B}.Release|Any CPU.Build.0 = Release|Any CPU
	EndGlobalSection
	GlobalSection(SolutionProperties) = preSolution
		HideSolutionNode = FALSE
	EndGlobalSection
	GlobalSection(ExtensibilityGlobals) = postSolution
		SolutionGuid = {52F2084B-EFD7-49D9-9B73-456D729E926E}
	EndGlobalSection
EndGlobal
